
Microsoft Visual Studio Solution File, Format Version 12.00
# Visual Studio 2012
Project("{FAE04EC0-301F-11D3-BF4B-00C04F79EFBC}") = "Contracts", "Contracts\Contracts.csproj", "{9469581B-175F-49C5-B405-E6FE71C627A9}"
EndProject
Project("{FAE04EC0-301F-11D3-BF4B-00C04F79EFBC}") = "Services", "Services\Services.csproj", "{A8FCD7D0-F2F5-407A-A83B-8937708E12D5}"
EndProject
Project("{FAE04EC0-301F-11D3-BF4B-00C04F79EFBC}") = "Hosting", "Hosting\Hosting.csproj", "{16AE0AF0-5371-439D-9623-E94532639019}"
EndProject
Project("{FAE04EC0-301F-11D3-BF4B-00C04F79EFBC}") = "Client", "Client\Client.csproj", "{067198B1-5FF7-4AEB-BB6F-AFCC72D4B45A}"
EndProject
Global
	GlobalSection(SolutionConfigurationPlatforms) = preSolution
		Debug|Any CPU = Debug|Any CPU
		Release|Any CPU = Release|Any CPU
	EndGlobalSection
	GlobalSection(ProjectConfigurationPlatforms) = postSolution
		{9469581B-175F-49C5-B405-E6FE71C627A9}.Debug|Any CPU.ActiveCfg = Debug|Any CPU
		{9469581B-175F-49C5-B405-E6FE71C627A9}.Debug|Any CPU.Build.0 = Debug|Any CPU
		{9469581B-175F-49C5-B405-E6FE71C627A9}.Release|Any CPU.ActiveCfg = Release|Any CPU
		{9469581B-175F-49C5-B405-E6FE71C627A9}.Release|Any CPU.Build.0 = Release|Any CPU
		{A8FCD7D0-F2F5-407A-A83B-8937708E12D5}.Debug|Any CPU.ActiveCfg = Debug|Any CPU
		{A8FCD7D0-F2F5-407A-A83B-8937708E12D5}.Debug|Any CPU.Build.0 = Debug|Any CPU
		{A8FCD7D0-F2F5-407A-A83B-8937708E12D5}.Release|Any CPU.ActiveCfg = Release|Any CPU
		{A8FCD7D0-F2F5-407A-A83B-8937708E12D5}.Release|Any CPU.Build.0 = Release|Any CPU
		{16AE0AF0-5371-439D-9623-E94532639019}.Debug|Any CPU.ActiveCfg = Debug|Any CPU
		{16AE0AF0-5371-439D-9623-E94532639019}.Debug|Any CPU.Build.0 = Debug|Any CPU
		{16AE0AF0-5371-439D-9623-E94532639019}.Release|Any CPU.ActiveCfg = Release|Any CPU
		{16AE0AF0-5371-439D-9623-E94532639019}.Release|Any CPU.Build.0 = Release|Any CPU
		{067198B1-5FF7-4AEB-BB6F-AFCC72D4B45A}.Debug|Any CPU.ActiveCfg = Debug|Any CPU
		{067198B1-5FF7-4AEB-BB6F-AFCC72D4B45A}.Debug|Any CPU.Build.0 = Debug|Any CPU
		{067198B1-5FF7-4AEB-BB6F-AFCC72D4B45A}.Release|Any CPU.ActiveCfg = Release|Any CPU
		{067198B1-5FF7-4AEB-BB6F-AFCC72D4B45A}.Release|Any CPU.Build.0 = Release|Any CPU
	EndGlobalSection
	GlobalSection(SolutionProperties) = preSolution
		HideSolutionNode = FALSE
	EndGlobalSection
EndGlobal
